
Microsoft Visual Studio Solution File, Format Version 12.00
# Visual Studio Version 16
VisualStudioVersion = 16.0.31911.196
MinimumVisualStudioVersion = 10.0.40219.1
Project("{FAE04EC0-301F-11D3-BF4B-00C04F79EFBC}") = "FileIO_OperationsPractice", "FileIO_OperationsPractice.csproj", "{05E6786B-5C53-4E27-AF9B-47B0BC294717}"
EndProject
Global
	GlobalSection(SolutionConfigurationPlatforms) = preSolution
		Debug|Any CPU = Debug|Any CPU
		Release|Any CPU = Release|Any CPU
	EndGlobalSection
	GlobalSection(ProjectConfigurationPlatforms) = postSolution
		{05E6786B-5C53-4E27-AF9B-47B0BC294717}.Debug|Any CPU.ActiveCfg = Debug|Any CPU
		{05E6786B-5C53-4E27-AF9B-47B0BC294717}.Debug|Any CPU.Build.0 = Debug|Any CPU
		{05E6786B-5C53-4E27-AF9B-47B0BC294717}.Release|Any CPU.ActiveCfg = Release|Any CPU
		{05E6786B-5C53-4E27-AF9B-47B0BC294717}.Release|Any CPU.Build.0 = Release|Any CPU
	EndGlobalSection
	GlobalSection(SolutionProperties) = preSolution
		HideSolutionNode = FALSE
	EndGlobalSection
	GlobalSection(ExtensibilityGlobals) = postSolution
		SolutionGuid = {A079235D-7654-40F6-82D8-068B8C336E6C}
	EndGlobalSection
EndGlobal
